
Microsoft Visual Studio Solution File, Format Version 12.00
# Visual Studio Version 17
VisualStudioVersion = 17.6.33723.286
MinimumVisualStudioVersion = 10.0.40219.1
Project("{FAE04EC0-301F-11D3-BF4B-00C04F79EFBC}") = "APIofMyChoice", "APIofMyChoice\APIofMyChoice.csproj", "{025F3CD4-1373-4DDF-9694-D727769F2BD6}"
EndProject
Global
	GlobalSection(SolutionConfigurationPlatforms) = preSolution
		Debug|Any CPU = Debug|Any CPU
		Release|Any CPU = Release|Any CPU
	EndGlobalSection
	GlobalSection(ProjectConfigurationPlatforms) = postSolution
		{025F3CD4-1373-4DDF-9694-D727769F2BD6}.Debug|Any CPU.ActiveCfg = Debug|Any CPU
		{025F3CD4-1373-4DDF-9694-D727769F2BD6}.Debug|Any CPU.Build.0 = Debug|Any CPU
		{025F3CD4-1373-4DDF-9694-D727769F2BD6}.Release|Any CPU.ActiveCfg = Release|Any CPU
		{025F3CD4-1373-4DDF-9694-D727769F2BD6}.Release|Any CPU.Build.0 = Release|Any CPU
	EndGlobalSection
	GlobalSection(SolutionProperties) = preSolution
		HideSolutionNode = FALSE
	EndGlobalSection
	GlobalSection(ExtensibilityGlobals) = postSolution
		SolutionGuid = {A5123CE2-6596-465F-AC52-8A4C7110ACBC}
	EndGlobalSection
EndGlobal
